{
  "name": "emojibar-data",
  "version": "1.0.0",
  "lockfileVersion": 2,
  "requires": true,
  "packages": {
    "": {
      "name": "emojibar-data",
      "version": "1.0.0",
      "license": "ISC",
      "dependencies": {
        "emojilib": "^3.0.7",
        "unicode-emoji-json": "^0.3.1"
      }
    },
    "node_modules/emojilib": {
      "version": "3.0.7",
      "resolved": "https://registry.npmjs.org/emojilib/-/emojilib-3.0.7.tgz",
      "integrity": "sha512-8WkrBgnqeRS0pdgx3+vh3hkmb6jnxYHOyTy5xrYgFoovm7Cp2ufAiw/yvq9D53vQp8a80i6c0Hbm82Q61yx1RA=="
    },
    "node_modules/unicode-emoji-json": {
      "version": "0.3.1",
      "resolved": "https://registry.npmjs.org/unicode-emoji-json/-/unicode-emoji-json-0.3.1.tgz",
      "integrity": "sha512-qA76zUIfOMSj+rdd8XAz/SpuubjTqoy2uW+dHrUVZivIvzMYzs7lNlbLMG4R32KB8SFwtVUJYQzbAafjBYDSuw=="
    }
  },
  "dependencies": {
    "emojilib": {
      "version": "3.0.7",
      "resolved": "https://registry.npmjs.org/emojilib/-/emojilib-3.0.7.tgz",
      "integrity": "sha512-8WkrBgnqeRS0pdgx3+vh3hkmb6jnxYHOyTy5xrYgFoovm7Cp2ufAiw/yvq9D53vQp8a80i6c0Hbm82Q61yx1RA=="
    },
    "unicode-emoji-json": {
      "version": "0.3.1",
      "resolved": "https://registry.npmjs.org/unicode-emoji-json/-/unicode-emoji-json-0.3.1.tgz",
      "integrity": "sha512-qA76zUIfOMSj+rdd8XAz/SpuubjTqoy2uW+dHrUVZivIvzMYzs7lNlbLMG4R32KB8SFwtVUJYQzbAafjBYDSuw=="
    }
  }
}
